// !$*UTF8*$!
{
	archiveVersion = 1;
	classes = {
	};
	objectVersion = 51;
	objects = {

/* Begin PBXBuildFile section */
		CAC7995832AE4CEE58C4C761 /* Pods_TheBestClock.framework in Frameworks */ = {isa = PBXBuildFile; fileRef = 67ADC8B37E0BB5AC5821F6D6 /* Pods_TheBestClock.framework */; };
		D4135998218E763F00768430 /* TheBestClockAppDelegate.swift in Sources */ = {isa = PBXBuildFile; fileRef = D4135997218E763F00768430 /* TheBestClockAppDelegate.swift */; };
		D413599A218E763F00768430 /* MainScreenViewController.swift in Sources */ = {isa = PBXBuildFile; fileRef = D4135999218E763F00768430 /* MainScreenViewController.swift */; };
		D413599D218E763F00768430 /* Main.storyboard in Resources */ = {isa = PBXBuildFile; fileRef = D413599B218E763F00768430 /* Main.storyboard */; };
		D413599F218E764100768430 /* Assets.xcassets in Resources */ = {isa = PBXBuildFile; fileRef = D413599E218E764100768430 /* Assets.xcassets */; };
		D41359A2218E764100768430 /* LaunchScreen.storyboard in Resources */ = {isa = PBXBuildFile; fileRef = D41359A0218E764100768430 /* LaunchScreen.storyboard */; };
		D41359AD218E764100768430 /* TheBestClockTests.swift in Sources */ = {isa = PBXBuildFile; fileRef = D41359AC218E764100768430 /* TheBestClockTests.swift */; };
		D41359B8218E764100768430 /* TheBestClockUITests.swift in Sources */ = {isa = PBXBuildFile; fileRef = D41359B7218E764100768430 /* TheBestClockUITests.swift */; };
		D422FE3E21922C5E0022423B /* TheBestClockAlarmView.swift in Sources */ = {isa = PBXBuildFile; fileRef = D422FE3D21922C5E0022423B /* TheBestClockAlarmView.swift */; };
		D46682A821911F5E00471BC0 /* Localizable.strings in Resources */ = {isa = PBXBuildFile; fileRef = D46682A621911F5E00471BC0 /* Localizable.strings */; };
		D46F84602190CA1F0026C9AD /* TheBestClockMainDisplayView.swift in Sources */ = {isa = PBXBuildFile; fileRef = D46F845F2190CA1F0026C9AD /* TheBestClockMainDisplayView.swift */; };
		D46F84622190D3B90026C9AD /* TheBestClockVerticalBrightnessSliderView.swift in Sources */ = {isa = PBXBuildFile; fileRef = D46F84612190D3B90026C9AD /* TheBestClockVerticalBrightnessSliderView.swift */; };
		D487C1062191CE2F00FBDC77 /* TheBestClockPrefs.swift in Sources */ = {isa = PBXBuildFile; fileRef = D487C1052191CE2E00FBDC77 /* TheBestClockPrefs.swift */; };
		D4D4AD462194F4FA008D3FCC /* TheBestClockAboutScreenViewController.swift in Sources */ = {isa = PBXBuildFile; fileRef = D4D4AD452194F4FA008D3FCC /* TheBestClockAboutScreenViewController.swift */; };
		D4FDA6F3218FA519009F08C2 /* let's go digital regular.ttf in Resources */ = {isa = PBXBuildFile; fileRef = D4FDA6F2218FA519009F08C2 /* let's go digital regular.ttf */; };
/* End PBXBuildFile section */

/* Begin PBXContainerItemProxy section */
		D41359A9218E764100768430 /* PBXContainerItemProxy */ = {
			isa = PBXContainerItemProxy;
			containerPortal = D413598C218E763F00768430 /* Project object */;
			proxyType = 1;
			remoteGlobalIDString = D4135993218E763F00768430;
			remoteInfo = TheBestClock;
		};
		D41359B4218E764100768430 /* PBXContainerItemProxy */ = {
			isa = PBXContainerItemProxy;
			containerPortal = D413598C218E763F00768430 /* Project object */;
			proxyType = 1;
			remoteGlobalIDString = D4135993218E763F00768430;
			remoteInfo = TheBestClock;
		};
/* End PBXContainerItemProxy section */

/* Begin PBXFileReference section */
		67ADC8B37E0BB5AC5821F6D6 /* Pods_TheBestClock.framework */ = {isa = PBXFileReference; explicitFileType = wrapper.framework; includeInIndex = 0; path = Pods_TheBestClock.framework; sourceTree = BUILT_PRODUCTS_DIR; };
		82D270D278F3C1E6B66A85EC /* Pods-TheBestClock.debug.xcconfig */ = {isa = PBXFileReference; includeInIndex = 1; lastKnownFileType = text.xcconfig; name = "Pods-TheBestClock.debug.xcconfig"; path = "Target Support Files/Pods-TheBestClock/Pods-TheBestClock.debug.xcconfig"; sourceTree = "<group>"; };
		C55EF5B8125BCF2F431A69AF /* Pods-TheBestClock.release.xcconfig */ = {isa = PBXFileReference; includeInIndex = 1; lastKnownFileType = text.xcconfig; name = "Pods-TheBestClock.release.xcconfig"; path = "Target Support Files/Pods-TheBestClock/Pods-TheBestClock.release.xcconfig"; sourceTree = "<group>"; };
		D4135994218E763F00768430 /* TheBestClock.app */ = {isa = PBXFileReference; explicitFileType = wrapper.application; includeInIndex = 0; path = TheBestClock.app; sourceTree = BUILT_PRODUCTS_DIR; };
		D4135997218E763F00768430 /* TheBestClockAppDelegate.swift */ = {isa = PBXFileReference; lastKnownFileType = sourcecode.swift; path = TheBestClockAppDelegate.swift; sourceTree = "<group>"; };
		D4135999218E763F00768430 /* MainScreenViewController.swift */ = {isa = PBXFileReference; lastKnownFileType = sourcecode.swift; path = MainScreenViewController.swift; sourceTree = "<group>"; };
		D413599C218E763F00768430 /* Base */ = {isa = PBXFileReference; lastKnownFileType = file.storyboard; name = Base; path = Base.lproj/Main.storyboard; sourceTree = "<group>"; };
		D413599E218E764100768430 /* Assets.xcassets */ = {isa = PBXFileReference; lastKnownFileType = folder.assetcatalog; path = Assets.xcassets; sourceTree = "<group>"; };
		D41359A1218E764100768430 /* Base */ = {isa = PBXFileReference; lastKnownFileType = file.storyboard; name = Base; path = Base.lproj/LaunchScreen.storyboard; sourceTree = "<group>"; };
		D41359A3218E764100768430 /* Info.plist */ = {isa = PBXFileReference; lastKnownFileType = text.plist.xml; path = Info.plist; sourceTree = "<group>"; };
		D41359A8218E764100768430 /* TheBestClockTests.xctest */ = {isa = PBXFileReference; explicitFileType = wrapper.cfbundle; includeInIndex = 0; path = TheBestClockTests.xctest; sourceTree = BUILT_PRODUCTS_DIR; };
		D41359AC218E764100768430 /* TheBestClockTests.swift */ = {isa = PBXFileReference; lastKnownFileType = sourcecode.swift; path = TheBestClockTests.swift; sourceTree = "<group>"; };
		D41359AE218E764100768430 /* Info.plist */ = {isa = PBXFileReference; lastKnownFileType = text.plist.xml; path = Info.plist; sourceTree = "<group>"; };
		D41359B3218E764100768430 /* TheBestClockUITests.xctest */ = {isa = PBXFileReference; explicitFileType = wrapper.cfbundle; includeInIndex = 0; path = TheBestClockUITests.xctest; sourceTree = BUILT_PRODUCTS_DIR; };
		D41359B7218E764100768430 /* TheBestClockUITests.swift */ = {isa = PBXFileReference; lastKnownFileType = sourcecode.swift; path = TheBestClockUITests.swift; sourceTree = "<group>"; };
		D41359B9218E764100768430 /* Info.plist */ = {isa = PBXFileReference; lastKnownFileType = text.plist.xml; path = Info.plist; sourceTree = "<group>"; };
		D422FE3D21922C5E0022423B /* TheBestClockAlarmView.swift */ = {isa = PBXFileReference; fileEncoding = 4; lastKnownFileType = sourcecode.swift; path = TheBestClockAlarmView.swift; sourceTree = "<group>"; };
		D46682A721911F5E00471BC0 /* Base */ = {isa = PBXFileReference; lastKnownFileType = text.plist.strings; name = Base; path = Base.lproj/Localizable.strings; sourceTree = "<group>"; };
		D46F845F2190CA1F0026C9AD /* TheBestClockMainDisplayView.swift */ = {isa = PBXFileReference; lastKnownFileType = sourcecode.swift; path = TheBestClockMainDisplayView.swift; sourceTree = "<group>"; };
		D46F84612190D3B90026C9AD /* TheBestClockVerticalBrightnessSliderView.swift */ = {isa = PBXFileReference; fileEncoding = 4; lastKnownFileType = sourcecode.swift; path = TheBestClockVerticalBrightnessSliderView.swift; sourceTree = "<group>"; };
		D487C1052191CE2E00FBDC77 /* TheBestClockPrefs.swift */ = {isa = PBXFileReference; fileEncoding = 4; lastKnownFileType = sourcecode.swift; path = TheBestClockPrefs.swift; sourceTree = "<group>"; };
		D4B704062190B9940094E320 /* RevealServer.framework */ = {isa = PBXFileReference; lastKnownFileType = wrapper.framework; name = RevealServer.framework; path = "Pods/Reveal-SDK/RevealServer-19/iOS/RevealServer.framework"; sourceTree = "<group>"; };
		D4D4AD452194F4FA008D3FCC /* TheBestClockAboutScreenViewController.swift */ = {isa = PBXFileReference; lastKnownFileType = sourcecode.swift; path = TheBestClockAboutScreenViewController.swift; sourceTree = "<group>"; };
		D4FDA6F2218FA519009F08C2 /* let's go digital regular.ttf */ = {isa = PBXFileReference; lastKnownFileType = file; path = "let's go digital regular.ttf"; sourceTree = "<group>"; };
/* End PBXFileReference section */

/* Begin PBXFrameworksBuildPhase section */
		D4135991218E763F00768430 /* Frameworks */ = {
			isa = PBXFrameworksBuildPhase;
			buildActionMask = 2147483647;
			files = (
				CAC7995832AE4CEE58C4C761 /* Pods_TheBestClock.framework in Frameworks */,
			);
			runOnlyForDeploymentPostprocessing = 0;
		};
		D41359A5218E764100768430 /* Frameworks */ = {
			isa = PBXFrameworksBuildPhase;
			buildActionMask = 2147483647;
			files = (
			);
			runOnlyForDeploymentPostprocessing = 0;
		};
		D41359B0218E764100768430 /* Frameworks */ = {
			isa = PBXFrameworksBuildPhase;
			buildActionMask = 2147483647;
			files = (
			);
			runOnlyForDeploymentPostprocessing = 0;
		};
/* End PBXFrameworksBuildPhase section */

/* Begin PBXGroup section */
		A7DE492AABB4E6094A94D6D2 /* Pods */ = {
			isa = PBXGroup;
			children = (
				82D270D278F3C1E6B66A85EC /* Pods-TheBestClock.debug.xcconfig */,
				C55EF5B8125BCF2F431A69AF /* Pods-TheBestClock.release.xcconfig */,
			);
			path = Pods;
			sourceTree = "<group>";
		};
		D413598B218E763F00768430 = {
			isa = PBXGroup;
			children = (
				D4135996218E763F00768430 /* TheBestClock */,
				D41359AB218E764100768430 /* TheBestClockTests */,
				D41359B6218E764100768430 /* TheBestClockUITests */,
				D4135995218E763F00768430 /* Products */,
				A7DE492AABB4E6094A94D6D2 /* Pods */,
				EF02A0F6866AEB1885ED33AE /* Frameworks */,
			);
			sourceTree = "<group>";
		};
		D4135995218E763F00768430 /* Products */ = {
			isa = PBXGroup;
			children = (
				D4135994218E763F00768430 /* TheBestClock.app */,
				D41359A8218E764100768430 /* TheBestClockTests.xctest */,
				D41359B3218E764100768430 /* TheBestClockUITests.xctest */,
			);
			name = Products;
			sourceTree = "<group>";
		};
		D4135996218E763F00768430 /* TheBestClock */ = {
			isa = PBXGroup;
			children = (
				D41359C7218E76A500768430 /* App */,
				D41359C8218E76B600768430 /* View Controllers */,
				D41359C5218E768600768430 /* Bundle Resources */,
				D41359C6218E769400768430 /* Meta */,
			);
			path = TheBestClock;
			sourceTree = "<group>";
		};
		D41359AB218E764100768430 /* TheBestClockTests */ = {
			isa = PBXGroup;
			children = (
				D41359AC218E764100768430 /* TheBestClockTests.swift */,
				D41359AE218E764100768430 /* Info.plist */,
			);
			path = TheBestClockTests;
			sourceTree = "<group>";
		};
		D41359B6218E764100768430 /* TheBestClockUITests */ = {
			isa = PBXGroup;
			children = (
				D41359B7218E764100768430 /* TheBestClockUITests.swift */,
				D41359B9218E764100768430 /* Info.plist */,
			);
			path = TheBestClockUITests;
			sourceTree = "<group>";
		};
		D41359C5218E768600768430 /* Bundle Resources */ = {
			isa = PBXGroup;
			children = (
				D4FDA6F1218FA519009F08C2 /* Fonts */,
				D413599E218E764100768430 /* Assets.xcassets */,
				D413599B218E763F00768430 /* Main.storyboard */,
				D46682A621911F5E00471BC0 /* Localizable.strings */,
				D41359A0218E764100768430 /* LaunchScreen.storyboard */,
			);
			path = "Bundle Resources";
			sourceTree = "<group>";
		};
		D41359C6218E769400768430 /* Meta */ = {
			isa = PBXGroup;
			children = (
				D41359A3218E764100768430 /* Info.plist */,
			);
			path = Meta;
			sourceTree = "<group>";
		};
		D41359C7218E76A500768430 /* App */ = {
			isa = PBXGroup;
			children = (
				D4135997218E763F00768430 /* TheBestClockAppDelegate.swift */,
				D487C1052191CE2E00FBDC77 /* TheBestClockPrefs.swift */,
			);
			path = App;
			sourceTree = "<group>";
		};
		D41359C8218E76B600768430 /* View Controllers */ = {
			isa = PBXGroup;
			children = (
				D4135999218E763F00768430 /* MainScreenViewController.swift */,
				D46F845F2190CA1F0026C9AD /* TheBestClockMainDisplayView.swift */,
				D422FE3D21922C5E0022423B /* TheBestClockAlarmView.swift */,
				D46F84612190D3B90026C9AD /* TheBestClockVerticalBrightnessSliderView.swift */,
				D4D4AD452194F4FA008D3FCC /* TheBestClockAboutScreenViewController.swift */,
			);
			path = "View Controllers";
			sourceTree = "<group>";
		};
		D4FDA6F1218FA519009F08C2 /* Fonts */ = {
			isa = PBXGroup;
			children = (
				D4FDA6F2218FA519009F08C2 /* let's go digital regular.ttf */,
			);
			path = Fonts;
			sourceTree = "<group>";
		};
		EF02A0F6866AEB1885ED33AE /* Frameworks */ = {
			isa = PBXGroup;
			children = (
				D4B704062190B9940094E320 /* RevealServer.framework */,
				67ADC8B37E0BB5AC5821F6D6 /* Pods_TheBestClock.framework */,
			);
			name = Frameworks;
			sourceTree = "<group>";
		};
/* End PBXGroup section */

/* Begin PBXNativeTarget section */
		D4135993218E763F00768430 /* TheBestClock */ = {
			isa = PBXNativeTarget;
			buildConfigurationList = D41359BC218E764100768430 /* Build configuration list for PBXNativeTarget "TheBestClock" */;
			buildPhases = (
				42206B368767EFD288F5F0C8 /* [CP] Check Pods Manifest.lock */,
				D46F045F2190B4370045FBB2 /* SwiftLINT */,
				D4135990218E763F00768430 /* Sources */,
				D4135991218E763F00768430 /* Frameworks */,
				D4135992218E763F00768430 /* Resources */,
			);
			buildRules = (
			);
			dependencies = (
			);
			name = TheBestClock;
			productName = TheBestClock;
			productReference = D4135994218E763F00768430 /* TheBestClock.app */;
			productType = "com.apple.product-type.application";
		};
		D41359A7218E764100768430 /* TheBestClockTests */ = {
			isa = PBXNativeTarget;
			buildConfigurationList = D41359BF218E764100768430 /* Build configuration list for PBXNativeTarget "TheBestClockTests" */;
			buildPhases = (
				D41359A4218E764100768430 /* Sources */,
				D41359A5218E764100768430 /* Frameworks */,
				D41359A6218E764100768430 /* Resources */,
			);
			buildRules = (
			);
			dependencies = (
				D41359AA218E764100768430 /* PBXTargetDependency */,
			);
			name = TheBestClockTests;
			productName = TheBestClockTests;
			productReference = D41359A8218E764100768430 /* TheBestClockTests.xctest */;
			productType = "com.apple.product-type.bundle.unit-test";
		};
		D41359B2218E764100768430 /* TheBestClockUITests */ = {
			isa = PBXNativeTarget;
			buildConfigurationList = D41359C2218E764100768430 /* Build configuration list for PBXNativeTarget "TheBestClockUITests" */;
			buildPhases = (
				D41359AF218E764100768430 /* Sources */,
				D41359B0218E764100768430 /* Frameworks */,
				D41359B1218E764100768430 /* Resources */,
			);
			buildRules = (
			);
			dependencies = (
				D41359B5218E764100768430 /* PBXTargetDependency */,
			);
			name = TheBestClockUITests;
			productName = TheBestClockUITests;
			productReference = D41359B3218E764100768430 /* TheBestClockUITests.xctest */;
			productType = "com.apple.product-type.bundle.ui-testing";
		};
/* End PBXNativeTarget section */

/* Begin PBXProject section */
		D413598C218E763F00768430 /* Project object */ = {
			isa = PBXProject;
			attributes = {
				LastSwiftUpdateCheck = 1000;
				LastUpgradeCheck = 1000;
				ORGANIZATIONNAME = "The Great Rift Valley Software Company";
				TargetAttributes = {
					D4135993218E763F00768430 = {
						CreatedOnToolsVersion = 10.0;
					};
					D41359A7218E764100768430 = {
						CreatedOnToolsVersion = 10.0;
						TestTargetID = D4135993218E763F00768430;
					};
					D41359B2218E764100768430 = {
						CreatedOnToolsVersion = 10.0;
						TestTargetID = D4135993218E763F00768430;
					};
				};
			};
			buildConfigurationList = D413598F218E763F00768430 /* Build configuration list for PBXProject "TheBestClock" */;
			compatibilityVersion = "Xcode 10.0";
			developmentRegion = en;
			hasScannedForEncodings = 0;
			knownRegions = (
				en,
				Base,
			);
			mainGroup = D413598B218E763F00768430;
			productRefGroup = D4135995218E763F00768430 /* Products */;
			projectDirPath = "";
			projectRoot = "";
			targets = (
				D4135993218E763F00768430 /* TheBestClock */,
				D41359A7218E764100768430 /* TheBestClockTests */,
				D41359B2218E764100768430 /* TheBestClockUITests */,
			);
		};
/* End PBXProject section */

/* Begin PBXResourcesBuildPhase section */
		D4135992218E763F00768430 /* Resources */ = {
			isa = PBXResourcesBuildPhase;
			buildActionMask = 2147483647;
			files = (
				D41359A2218E764100768430 /* LaunchScreen.storyboard in Resources */,
				D46682A821911F5E00471BC0 /* Localizable.strings in Resources */,
				D4FDA6F3218FA519009F08C2 /* let's go digital regular.ttf in Resources */,
				D413599F218E764100768430 /* Assets.xcassets in Resources */,
				D413599D218E763F00768430 /* Main.storyboard in Resources */,
			);
			runOnlyForDeploymentPostprocessing = 0;
		};
		D41359A6218E764100768430 /* Resources */ = {
			isa = PBXResourcesBuildPhase;
			buildActionMask = 2147483647;
			files = (
			);
			runOnlyForDeploymentPostprocessing = 0;
		};
		D41359B1218E764100768430 /* Resources */ = {
			isa = PBXResourcesBuildPhase;
			buildActionMask = 2147483647;
			files = (
			);
			runOnlyForDeploymentPostprocessing = 0;
		};
/* End PBXResourcesBuildPhase section */

/* Begin PBXShellScriptBuildPhase section */
		42206B368767EFD288F5F0C8 /* [CP] Check Pods Manifest.lock */ = {
			isa = PBXShellScriptBuildPhase;
			buildActionMask = 2147483647;
			files = (
			);
			inputFileListPaths = (
			);
			inputPaths = (
				"${PODS_PODFILE_DIR_PATH}/Podfile.lock",
				"${PODS_ROOT}/Manifest.lock",
			);
			name = "[CP] Check Pods Manifest.lock";
			outputFileListPaths = (
			);
			outputPaths = (
				"$(DERIVED_FILE_DIR)/Pods-TheBestClock-checkManifestLockResult.txt",
			);
			runOnlyForDeploymentPostprocessing = 0;
			shellPath = /bin/sh;
			shellScript = "diff \"${PODS_PODFILE_DIR_PATH}/Podfile.lock\" \"${PODS_ROOT}/Manifest.lock\" > /dev/null\nif [ $? != 0 ] ; then\n    # print error to STDERR\n    echo \"error: The sandbox is not in sync with the Podfile.lock. Run 'pod install' or update your CocoaPods installation.\" >&2\n    exit 1\nfi\n# This output is used by Xcode 'outputs' to avoid re-running this script phase.\necho \"SUCCESS\" > \"${SCRIPT_OUTPUT_FILE_0}\"\n";
			showEnvVarsInLog = 0;
		};
		D46F045F2190B4370045FBB2 /* SwiftLINT */ = {
			isa = PBXShellScriptBuildPhase;
			buildActionMask = 2147483647;
			files = (
			);
			inputFileListPaths = (
			);
			inputPaths = (
			);
			name = SwiftLINT;
			outputFileListPaths = (
			);
			outputPaths = (
			);
			runOnlyForDeploymentPostprocessing = 0;
			shellPath = /bin/sh;
			shellScript = "\"${PROJECT_DIR}/Pods/SwiftLint/swiftlint\"\n";
		};
/* End PBXShellScriptBuildPhase section */

/* Begin PBXSourcesBuildPhase section */
		D4135990218E763F00768430 /* Sources */ = {
			isa = PBXSourcesBuildPhase;
			buildActionMask = 2147483647;
			files = (
				D413599A218E763F00768430 /* MainScreenViewController.swift in Sources */,
				D487C1062191CE2F00FBDC77 /* TheBestClockPrefs.swift in Sources */,
				D46F84622190D3B90026C9AD /* TheBestClockVerticalBrightnessSliderView.swift in Sources */,
				D422FE3E21922C5E0022423B /* TheBestClockAlarmView.swift in Sources */,
				D46F84602190CA1F0026C9AD /* TheBestClockMainDisplayView.swift in Sources */,
				D4135998218E763F00768430 /* TheBestClockAppDelegate.swift in Sources */,
				D4D4AD462194F4FA008D3FCC /* TheBestClockAboutScreenViewController.swift in Sources */,
			);
			runOnlyForDeploymentPostprocessing = 0;
		};
		D41359A4218E764100768430 /* Sources */ = {
			isa = PBXSourcesBuildPhase;
			buildActionMask = 2147483647;
			files = (
				D41359AD218E764100768430 /* TheBestClockTests.swift in Sources */,
			);
			runOnlyForDeploymentPostprocessing = 0;
		};
		D41359AF218E764100768430 /* Sources */ = {
			isa = PBXSourcesBuildPhase;
			buildActionMask = 2147483647;
			files = (
				D41359B8218E764100768430 /* TheBestClockUITests.swift in Sources */,
			);
			runOnlyForDeploymentPostprocessing = 0;
		};
/* End PBXSourcesBuildPhase section */

/* Begin PBXTargetDependency section */
		D41359AA218E764100768430 /* PBXTargetDependency */ = {
			isa = PBXTargetDependency;
			target = D4135993218E763F00768430 /* TheBestClock */;
			targetProxy = D41359A9218E764100768430 /* PBXContainerItemProxy */;
		};
		D41359B5218E764100768430 /* PBXTargetDependency */ = {
			isa = PBXTargetDependency;
			target = D4135993218E763F00768430 /* TheBestClock */;
			targetProxy = D41359B4218E764100768430 /* PBXContainerItemProxy */;
		};
/* End PBXTargetDependency section */

/* Begin PBXVariantGroup section */
		D413599B218E763F00768430 /* Main.storyboard */ = {
			isa = PBXVariantGroup;
			children = (
				D413599C218E763F00768430 /* Base */,
			);
			name = Main.storyboard;
			sourceTree = "<group>";
		};
		D41359A0218E764100768430 /* LaunchScreen.storyboard */ = {
			isa = PBXVariantGroup;
			children = (
				D41359A1218E764100768430 /* Base */,
			);
			name = LaunchScreen.storyboard;
			sourceTree = "<group>";
		};
		D46682A621911F5E00471BC0 /* Localizable.strings */ = {
			isa = PBXVariantGroup;
			children = (
				D46682A721911F5E00471BC0 /* Base */,
			);
			name = Localizable.strings;
			sourceTree = "<group>";
		};
/* End PBXVariantGroup section */

/* Begin XCBuildConfiguration section */
		D41359BA218E764100768430 /* Debug */ = {
			isa = XCBuildConfiguration;
			buildSettings = {
				ALWAYS_SEARCH_USER_PATHS = NO;
				CLANG_ANALYZER_NONNULL = YES;
				CLANG_ANALYZER_NUMBER_OBJECT_CONVERSION = YES_AGGRESSIVE;
				CLANG_CXX_LANGUAGE_STANDARD = "gnu++14";
				CLANG_CXX_LIBRARY = "libc++";
				CLANG_ENABLE_MODULES = YES;
				CLANG_ENABLE_OBJC_ARC = YES;
				CLANG_ENABLE_OBJC_WEAK = YES;
				CLANG_WARN_BLOCK_CAPTURE_AUTORELEASING = YES;
				CLANG_WARN_BOOL_CONVERSION = YES;
				CLANG_WARN_COMMA = YES;
				CLANG_WARN_CONSTANT_CONVERSION = YES;
				CLANG_WARN_DEPRECATED_OBJC_IMPLEMENTATIONS = YES;
				CLANG_WARN_DIRECT_OBJC_ISA_USAGE = YES_ERROR;
				CLANG_WARN_DOCUMENTATION_COMMENTS = YES;
				CLANG_WARN_EMPTY_BODY = YES;
				CLANG_WARN_ENUM_CONVERSION = YES;
				CLANG_WARN_INFINITE_RECURSION = YES;
				CLANG_WARN_INT_CONVERSION = YES;
				CLANG_WARN_NON_LITERAL_NULL_CONVERSION = YES;
				CLANG_WARN_OBJC_IMPLICIT_RETAIN_SELF = YES;
				CLANG_WARN_OBJC_LITERAL_CONVERSION = YES;
				CLANG_WARN_OBJC_ROOT_CLASS = YES_ERROR;
				CLANG_WARN_RANGE_LOOP_ANALYSIS = YES;
				CLANG_WARN_STRICT_PROTOTYPES = YES;
				CLANG_WARN_SUSPICIOUS_MOVE = YES;
				CLANG_WARN_UNGUARDED_AVAILABILITY = YES_AGGRESSIVE;
				CLANG_WARN_UNREACHABLE_CODE = YES;
				CLANG_WARN__DUPLICATE_METHOD_MATCH = YES;
				CODE_SIGN_IDENTITY = "iPhone Developer";
				COPY_PHASE_STRIP = NO;
				DEBUG_INFORMATION_FORMAT = dwarf;
				ENABLE_STRICT_OBJC_MSGSEND = YES;
				ENABLE_TESTABILITY = YES;
				GCC_C_LANGUAGE_STANDARD = gnu11;
				GCC_DYNAMIC_NO_PIC = NO;
				GCC_NO_COMMON_BLOCKS = YES;
				GCC_OPTIMIZATION_LEVEL = 0;
				GCC_PREPROCESSOR_DEFINITIONS = (
					"DEBUG=1",
					"$(inherited)",
				);
				GCC_WARN_64_TO_32_BIT_CONVERSION = YES;
				GCC_WARN_ABOUT_RETURN_TYPE = YES_ERROR;
				GCC_WARN_UNDECLARED_SELECTOR = YES;
				GCC_WARN_UNINITIALIZED_AUTOS = YES_AGGRESSIVE;
				GCC_WARN_UNUSED_FUNCTION = YES;
				GCC_WARN_UNUSED_VARIABLE = YES;
				IPHONEOS_DEPLOYMENT_TARGET = 11.0;
				MTL_ENABLE_DEBUG_INFO = INCLUDE_SOURCE;
				MTL_FAST_MATH = YES;
				ONLY_ACTIVE_ARCH = YES;
				SDKROOT = iphoneos;
				SWIFT_ACTIVE_COMPILATION_CONDITIONS = DEBUG;
				SWIFT_OPTIMIZATION_LEVEL = "-Onone";
			};
			name = Debug;
		};
		D41359BB218E764100768430 /* Release */ = {
			isa = XCBuildConfiguration;
			buildSettings = {
				ALWAYS_SEARCH_USER_PATHS = NO;
				CLANG_ANALYZER_NONNULL = YES;
				CLANG_ANALYZER_NUMBER_OBJECT_CONVERSION = YES_AGGRESSIVE;
				CLANG_CXX_LANGUAGE_STANDARD = "gnu++14";
				CLANG_CXX_LIBRARY = "libc++";
				CLANG_ENABLE_MODULES = YES;
				CLANG_ENABLE_OBJC_ARC = YES;
				CLANG_ENABLE_OBJC_WEAK = YES;
				CLANG_WARN_BLOCK_CAPTURE_AUTORELEASING = YES;
				CLANG_WARN_BOOL_CONVERSION = YES;
				CLANG_WARN_COMMA = YES;
				CLANG_WARN_CONSTANT_CONVERSION = YES;
				CLANG_WARN_DEPRECATED_OBJC_IMPLEMENTATIONS = YES;
				CLANG_WARN_DIRECT_OBJC_ISA_USAGE = YES_ERROR;
				CLANG_WARN_DOCUMENTATION_COMMENTS = YES;
				CLANG_WARN_EMPTY_BODY = YES;
				CLANG_WARN_ENUM_CONVERSION = YES;
				CLANG_WARN_INFINITE_RECURSION = YES;
				CLANG_WARN_INT_CONVERSION = YES;
				CLANG_WARN_NON_LITERAL_NULL_CONVERSION = YES;
				CLANG_WARN_OBJC_IMPLICIT_RETAIN_SELF = YES;
				CLANG_WARN_OBJC_LITERAL_CONVERSION = YES;
				CLANG_WARN_OBJC_ROOT_CLASS = YES_ERROR;
				CLANG_WARN_RANGE_LOOP_ANALYSIS = YES;
				CLANG_WARN_STRICT_PROTOTYPES = YES;
				CLANG_WARN_SUSPICIOUS_MOVE = YES;
				CLANG_WARN_UNGUARDED_AVAILABILITY = YES_AGGRESSIVE;
				CLANG_WARN_UNREACHABLE_CODE = YES;
				CLANG_WARN__DUPLICATE_METHOD_MATCH = YES;
				CODE_SIGN_IDENTITY = "iPhone Developer";
				COPY_PHASE_STRIP = NO;
				DEBUG_INFORMATION_FORMAT = "dwarf-with-dsym";
				ENABLE_NS_ASSERTIONS = NO;
				ENABLE_STRICT_OBJC_MSGSEND = YES;
				GCC_C_LANGUAGE_STANDARD = gnu11;
				GCC_NO_COMMON_BLOCKS = YES;
				GCC_WARN_64_TO_32_BIT_CONVERSION = YES;
				GCC_WARN_ABOUT_RETURN_TYPE = YES_ERROR;
				GCC_WARN_UNDECLARED_SELECTOR = YES;
				GCC_WARN_UNINITIALIZED_AUTOS = YES_AGGRESSIVE;
				GCC_WARN_UNUSED_FUNCTION = YES;
				GCC_WARN_UNUSED_VARIABLE = YES;
				IPHONEOS_DEPLOYMENT_TARGET = 11.0;
				MTL_ENABLE_DEBUG_INFO = NO;
				MTL_FAST_MATH = YES;
				SDKROOT = iphoneos;
				SWIFT_COMPILATION_MODE = wholemodule;
				SWIFT_OPTIMIZATION_LEVEL = "-O";
				VALIDATE_PRODUCT = YES;
			};
			name = Release;
		};
		D41359BD218E764100768430 /* Debug */ = {
			isa = XCBuildConfiguration;
			baseConfigurationReference = 82D270D278F3C1E6B66A85EC /* Pods-TheBestClock.debug.xcconfig */;
			buildSettings = {
				ASSETCATALOG_COMPILER_APPICON_NAME = AppIcon;
				CODE_SIGN_STYLE = Automatic;
				DEVELOPMENT_TEAM = P53V4JS928;
				FRAMEWORK_SEARCH_PATHS = "$(inherited)";
				GCC_TREAT_WARNINGS_AS_ERRORS = YES;
				INFOPLIST_FILE = "$(SRCROOT)/TheBestClock/Meta/Info.plist";
				IPHONEOS_DEPLOYMENT_TARGET = 11.0;
				LD_RUNPATH_SEARCH_PATHS = (
					"$(inherited)",
					"@executable_path/Frameworks",
				);
				PRODUCT_BUNDLE_IDENTIFIER = com.riftvalleysoftware.TheBestClock;
				PRODUCT_NAME = "$(TARGET_NAME)";
				SWIFT_TREAT_WARNINGS_AS_ERRORS = YES;
				SWIFT_VERSION = 4.2;
				TARGETED_DEVICE_FAMILY = "1,2";
			};
			name = Debug;
		};
		D41359BE218E764100768430 /* Release */ = {
			isa = XCBuildConfiguration;
			baseConfigurationReference = C55EF5B8125BCF2F431A69AF /* Pods-TheBestClock.release.xcconfig */;
			buildSettings = {
				ASSETCATALOG_COMPILER_APPICON_NAME = AppIcon;
				CODE_SIGN_STYLE = Automatic;
				DEVELOPMENT_TEAM = P53V4JS928;
				FRAMEWORK_SEARCH_PATHS = "$(inherited)";
				GCC_TREAT_WARNINGS_AS_ERRORS = YES;
				INFOPLIST_FILE = "$(SRCROOT)/TheBestClock/Meta/Info.plist";
				IPHONEOS_DEPLOYMENT_TARGET = 11.0;
				LD_RUNPATH_SEARCH_PATHS = (
					"$(inherited)",
					"@executable_path/Frameworks",
				);
				PRODUCT_BUNDLE_IDENTIFIER = com.riftvalleysoftware.TheBestClock;
				PRODUCT_NAME = "$(TARGET_NAME)";
				SWIFT_TREAT_WARNINGS_AS_ERRORS = YES;
				SWIFT_VERSION = 4.2;
				TARGETED_DEVICE_FAMILY = "1,2";
			};
			name = Release;
		};
		D41359C0218E764100768430 /* Debug */ = {
			isa = XCBuildConfiguration;
			buildSettings = {
				ALWAYS_EMBED_SWIFT_STANDARD_LIBRARIES = YES;
				BUNDLE_LOADER = "$(TEST_HOST)";
				CODE_SIGN_STYLE = Automatic;
				DEVELOPMENT_TEAM = P53V4JS928;
				INFOPLIST_FILE = TheBestClockTests/Info.plist;
				LD_RUNPATH_SEARCH_PATHS = (
					"$(inherited)",
					"@executable_path/Frameworks",
					"@loader_path/Frameworks",
				);
				PRODUCT_BUNDLE_IDENTIFIER = com.riftvalleysoftware.TheBestClockTests;
				PRODUCT_NAME = "$(TARGET_NAME)";
				SWIFT_VERSION = 4.2;
				TARGETED_DEVICE_FAMILY = "1,2";
				TEST_HOST = "$(BUILT_PRODUCTS_DIR)/TheBestClock.app/TheBestClock";
			};
			name = Debug;
		};
		D41359C1218E764100768430 /* Release */ = {
			isa = XCBuildConfiguration;
			buildSettings = {
				ALWAYS_EMBED_SWIFT_STANDARD_LIBRARIES = YES;
				BUNDLE_LOADER = "$(TEST_HOST)";
				CODE_SIGN_STYLE = Automatic;
				DEVELOPMENT_TEAM = P53V4JS928;
				INFOPLIST_FILE = TheBestClockTests/Info.plist;
				LD_RUNPATH_SEARCH_PATHS = (
					"$(inherited)",
					"@executable_path/Frameworks",
					"@loader_path/Frameworks",
				);
				PRODUCT_BUNDLE_IDENTIFIER = com.riftvalleysoftware.TheBestClockTests;
				PRODUCT_NAME = "$(TARGET_NAME)";
				SWIFT_VERSION = 4.2;
				TARGETED_DEVICE_FAMILY = "1,2";
				TEST_HOST = "$(BUILT_PRODUCTS_DIR)/TheBestClock.app/TheBestClock";
			};
			name = Release;
		};
		D41359C3218E764100768430 /* Debug */ = {
			isa = XCBuildConfiguration;
			buildSettings = {
				ALWAYS_EMBED_SWIFT_STANDARD_LIBRARIES = YES;
				CODE_SIGN_STYLE = Automatic;
				DEVELOPMENT_TEAM = P53V4JS928;
				INFOPLIST_FILE = TheBestClockUITests/Info.plist;
				LD_RUNPATH_SEARCH_PATHS = (
					"$(inherited)",
					"@executable_path/Frameworks",
					"@loader_path/Frameworks",
				);
				PRODUCT_BUNDLE_IDENTIFIER = com.riftvalleysoftware.TheBestClockUITests;
				PRODUCT_NAME = "$(TARGET_NAME)";
				SWIFT_VERSION = 4.2;
				TARGETED_DEVICE_FAMILY = "1,2";
				TEST_TARGET_NAME = TheBestClock;
			};
			name = Debug;
		};
		D41359C4218E764100768430 /* Release */ = {
			isa = XCBuildConfiguration;
			buildSettings = {
				ALWAYS_EMBED_SWIFT_STANDARD_LIBRARIES = YES;
				CODE_SIGN_STYLE = Automatic;
				DEVELOPMENT_TEAM = P53V4JS928;
				INFOPLIST_FILE = TheBestClockUITests/Info.plist;
				LD_RUNPATH_SEARCH_PATHS = (
					"$(inherited)",
					"@executable_path/Frameworks",
					"@loader_path/Frameworks",
				);
				PRODUCT_BUNDLE_IDENTIFIER = com.riftvalleysoftware.TheBestClockUITests;
				PRODUCT_NAME = "$(TARGET_NAME)";
				SWIFT_VERSION = 4.2;
				TARGETED_DEVICE_FAMILY = "1,2";
				TEST_TARGET_NAME = TheBestClock;
			};
			name = Release;
		};
/* End XCBuildConfiguration section */

/* Begin XCConfigurationList section */
		D413598F218E763F00768430 /* Build configuration list for PBXProject "TheBestClock" */ = {
			isa = XCConfigurationList;
			buildConfigurations = (
				D41359BA218E764100768430 /* Debug */,
				D41359BB218E764100768430 /* Release */,
			);
			defaultConfigurationIsVisible = 0;
			defaultConfigurationName = Release;
		};
		D41359BC218E764100768430 /* Build configuration list for PBXNativeTarget "TheBestClock" */ = {
			isa = XCConfigurationList;
			buildConfigurations = (
				D41359BD218E764100768430 /* Debug */,
				D41359BE218E764100768430 /* Release */,
			);
			defaultConfigurationIsVisible = 0;
			defaultConfigurationName = Release;
		};
		D41359BF218E764100768430 /* Build configuration list for PBXNativeTarget "TheBestClockTests" */ = {
			isa = XCConfigurationList;
			buildConfigurations = (
				D41359C0218E764100768430 /* Debug */,
				D41359C1218E764100768430 /* Release */,
			);
			defaultConfigurationIsVisible = 0;
			defaultConfigurationName = Release;
		};
		D41359C2218E764100768430 /* Build configuration list for PBXNativeTarget "TheBestClockUITests" */ = {
			isa = XCConfigurationList;
			buildConfigurations = (
				D41359C3218E764100768430 /* Debug */,
				D41359C4218E764100768430 /* Release */,
			);
			defaultConfigurationIsVisible = 0;
			defaultConfigurationName = Release;
		};
/* End XCConfigurationList section */
	};
	rootObject = D413598C218E763F00768430 /* Project object */;
}
