// !$*UTF8*$!
{
	archiveVersion = 1;
	classes = {
	};
	objectVersion = 51;
	objects = {

/* Begin PBXBuildFile section */
		D4135998218E763F00768430 /* TheBestClockAppDelegate.swift in Sources */ = {isa = PBXBuildFile; fileRef = D4135997218E763F00768430 /* TheBestClockAppDelegate.swift */; };
		D413599A218E763F00768430 /* MainScreenViewController.swift in Sources */ = {isa = PBXBuildFile; fileRef = D4135999218E763F00768430 /* MainScreenViewController.swift */; };
		D413599D218E763F00768430 /* Main.storyboard in Resources */ = {isa = PBXBuildFile; fileRef = D413599B218E763F00768430 /* Main.storyboard */; };
		D413599F218E764100768430 /* Assets.xcassets in Resources */ = {isa = PBXBuildFile; fileRef = D413599E218E764100768430 /* Assets.xcassets */; };
		D41359A2218E764100768430 /* LaunchScreen.storyboard in Resources */ = {isa = PBXBuildFile; fileRef = D41359A0218E764100768430 /* LaunchScreen.storyboard */; };
		D41DB3D021C00A4A00481A16 /* RVS_Utils.swift in Sources */ = {isa = PBXBuildFile; fileRef = D41DB3CF21C00A4A00481A16 /* RVS_Utils.swift */; };
		D422FE3E21922C5E0022423B /* TheBestClockAlarmView.swift in Sources */ = {isa = PBXBuildFile; fileRef = D422FE3D21922C5E0022423B /* TheBestClockAlarmView.swift */; };
		D443F5E8219ADDFB002A212A /* AlarmEditorExtension.swift in Sources */ = {isa = PBXBuildFile; fileRef = D443F5E7219ADDFB002A212A /* AlarmEditorExtension.swift */; };
		D44DA634219FC1F800DA20D3 /* TheBestClockSpeakerButton.swift in Sources */ = {isa = PBXBuildFile; fileRef = D44DA633219FC1F800DA20D3 /* TheBestClockSpeakerButton.swift */; };
		D458720521A0B0EA00919A23 /* Settings.bundle in Resources */ = {isa = PBXBuildFile; fileRef = D458720421A0B0EA00919A23 /* Settings.bundle */; };
		D46F84602190CA1F0026C9AD /* TheBestClockMainDisplayView.swift in Sources */ = {isa = PBXBuildFile; fileRef = D46F845F2190CA1F0026C9AD /* TheBestClockMainDisplayView.swift */; };
		D46F84622190D3B90026C9AD /* TheBestClockVerticalBrightnessSliderView.swift in Sources */ = {isa = PBXBuildFile; fileRef = D46F84612190D3B90026C9AD /* TheBestClockVerticalBrightnessSliderView.swift */; };
		D487C1062191CE2F00FBDC77 /* TheBestClockPrefs.swift in Sources */ = {isa = PBXBuildFile; fileRef = D487C1052191CE2E00FBDC77 /* TheBestClockPrefs.swift */; };
		D49C31FA2195058700598F7E /* TheGreatRiftValleyDrawing.swift in Sources */ = {isa = PBXBuildFile; fileRef = D49C31F92195058700598F7E /* TheGreatRiftValleyDrawing.swift */; };
		D4D4AD462194F4FA008D3FCC /* TheBestClockAboutScreenViewController.swift in Sources */ = {isa = PBXBuildFile; fileRef = D4D4AD452194F4FA008D3FCC /* TheBestClockAboutScreenViewController.swift */; };
		D4D56C5A21B43424003025FF /* escalation.mp3 in Copy Sounds */ = {isa = PBXBuildFile; fileRef = D4D56C5C21B43424003025FF /* escalation.mp3 */; };
		D4D56C5D21B43429003025FF /* fast-beep.mp3 in Copy Sounds */ = {isa = PBXBuildFile; fileRef = D4D56C5F21B43429003025FF /* fast-beep.mp3 */; };
		D4D56C6021B4342C003025FF /* annoying-alarm.mp3 in Copy Sounds */ = {isa = PBXBuildFile; fileRef = D4D56C6221B4342C003025FF /* annoying-alarm.mp3 */; };
		D4D56C6621B43441003025FF /* crazy-bird.mp3 in Copy Sounds */ = {isa = PBXBuildFile; fileRef = D4D56C6821B43441003025FF /* crazy-bird.mp3 */; };
		D4D56C6921B43446003025FF /* high-fast-beeps.mp3 in Copy Sounds */ = {isa = PBXBuildFile; fileRef = D4D56C6B21B43446003025FF /* high-fast-beeps.mp3 */; };
		D4D56C6C21B4344C003025FF /* electronic-buzz.mp3 in Copy Sounds */ = {isa = PBXBuildFile; fileRef = D4D56C6E21B4344C003025FF /* electronic-buzz.mp3 */; };
		D4D56C6F21B43450003025FF /* single-beep.mp3 in Copy Sounds */ = {isa = PBXBuildFile; fileRef = D4D56C7121B43450003025FF /* single-beep.mp3 */; };
		D4D56C7221B43454003025FF /* videogame-beeps-high-frequency.mp3 in Copy Sounds */ = {isa = PBXBuildFile; fileRef = D4D56C7421B43454003025FF /* videogame-beeps-high-frequency.mp3 */; };
		D4D56C7521B43459003025FF /* videogame-beeps-lower-frequency.mp3 in Copy Sounds */ = {isa = PBXBuildFile; fileRef = D4D56C7721B43459003025FF /* videogame-beeps-lower-frequency.mp3 */; };
		D4D56C7821B43611003025FF /* Localizable.strings in Resources */ = {isa = PBXBuildFile; fileRef = D46682A621911F5E00471BC0 /* Localizable.strings */; };
		D4D8E04E219AEF7C0007BBAA /* MainFunctionsExtension.swift in Sources */ = {isa = PBXBuildFile; fileRef = D4D8E04D219AEF7C0007BBAA /* MainFunctionsExtension.swift */; };
		D4FCC23121B439C600D92BD4 /* AnglicanText.ttf in Resources */ = {isa = PBXBuildFile; fileRef = D4FCC22D21B439C600D92BD4 /* AnglicanText.ttf */; };
		D4FCC23221B439C600D92BD4 /* let's go digital regular.ttf in Resources */ = {isa = PBXBuildFile; fileRef = D4FCC22E21B439C600D92BD4 /* let's go digital regular.ttf */; };
		D4FCC23321B439C600D92BD4 /* Canterbury.ttf in Resources */ = {isa = PBXBuildFile; fileRef = D4FCC22F21B439C600D92BD4 /* Canterbury.ttf */; };
		D4FCC23421B439C600D92BD4 /* CelticHand.ttf in Resources */ = {isa = PBXBuildFile; fileRef = D4FCC23021B439C600D92BD4 /* CelticHand.ttf */; };
		D4FCC23521B439E400D92BD4 /* AnglicanText.ttf in Copy Fonts */ = {isa = PBXBuildFile; fileRef = D4FCC22D21B439C600D92BD4 /* AnglicanText.ttf */; };
		D4FCC23621B439E400D92BD4 /* Canterbury.ttf in Copy Fonts */ = {isa = PBXBuildFile; fileRef = D4FCC22F21B439C600D92BD4 /* Canterbury.ttf */; };
		D4FCC23721B439E400D92BD4 /* CelticHand.ttf in Copy Fonts */ = {isa = PBXBuildFile; fileRef = D4FCC23021B439C600D92BD4 /* CelticHand.ttf */; };
		D4FCC23821B439E400D92BD4 /* let's go digital regular.ttf in Copy Fonts */ = {isa = PBXBuildFile; fileRef = D4FCC22E21B439C600D92BD4 /* let's go digital regular.ttf */; };
/* End PBXBuildFile section */

/* Begin PBXCopyFilesBuildPhase section */
		D4D56C1F21B42877003025FF /* Copy Fonts */ = {
			isa = PBXCopyFilesBuildPhase;
			buildActionMask = 2147483647;
			dstPath = Fonts;
			dstSubfolderSpec = 7;
			files = (
				D4FCC23521B439E400D92BD4 /* AnglicanText.ttf in Copy Fonts */,
				D4FCC23621B439E400D92BD4 /* Canterbury.ttf in Copy Fonts */,
				D4FCC23721B439E400D92BD4 /* CelticHand.ttf in Copy Fonts */,
				D4FCC23821B439E400D92BD4 /* let's go digital regular.ttf in Copy Fonts */,
			);
			name = "Copy Fonts";
			runOnlyForDeploymentPostprocessing = 0;
		};
		D4D56C3B21B43034003025FF /* Copy Sounds */ = {
			isa = PBXCopyFilesBuildPhase;
			buildActionMask = 2147483647;
			dstPath = "";
			dstSubfolderSpec = 7;
			files = (
				D4D56C7521B43459003025FF /* videogame-beeps-lower-frequency.mp3 in Copy Sounds */,
				D4D56C7221B43454003025FF /* videogame-beeps-high-frequency.mp3 in Copy Sounds */,
				D4D56C6F21B43450003025FF /* single-beep.mp3 in Copy Sounds */,
				D4D56C6C21B4344C003025FF /* electronic-buzz.mp3 in Copy Sounds */,
				D4D56C6921B43446003025FF /* high-fast-beeps.mp3 in Copy Sounds */,
				D4D56C6621B43441003025FF /* crazy-bird.mp3 in Copy Sounds */,
				D4D56C6021B4342C003025FF /* annoying-alarm.mp3 in Copy Sounds */,
				D4D56C5D21B43429003025FF /* fast-beep.mp3 in Copy Sounds */,
				D4D56C5A21B43424003025FF /* escalation.mp3 in Copy Sounds */,
			);
			name = "Copy Sounds";
			runOnlyForDeploymentPostprocessing = 0;
		};
/* End PBXCopyFilesBuildPhase section */

/* Begin PBXFileReference section */
		67ADC8B37E0BB5AC5821F6D6 /* Pods_TheBestClock.framework */ = {isa = PBXFileReference; explicitFileType = wrapper.framework; includeInIndex = 0; path = Pods_TheBestClock.framework; sourceTree = BUILT_PRODUCTS_DIR; };
		82D270D278F3C1E6B66A85EC /* Pods-TheBestClock.debug.xcconfig */ = {isa = PBXFileReference; includeInIndex = 1; lastKnownFileType = text.xcconfig; name = "Pods-TheBestClock.debug.xcconfig"; path = "Target Support Files/Pods-TheBestClock/Pods-TheBestClock.debug.xcconfig"; sourceTree = "<group>"; };
		C55EF5B8125BCF2F431A69AF /* Pods-TheBestClock.release.xcconfig */ = {isa = PBXFileReference; includeInIndex = 1; lastKnownFileType = text.xcconfig; name = "Pods-TheBestClock.release.xcconfig"; path = "Target Support Files/Pods-TheBestClock/Pods-TheBestClock.release.xcconfig"; sourceTree = "<group>"; };
		D4135994218E763F00768430 /* Rift Valley Alarm Clock.app */ = {isa = PBXFileReference; explicitFileType = wrapper.application; includeInIndex = 0; path = "Rift Valley Alarm Clock.app"; sourceTree = BUILT_PRODUCTS_DIR; };
		D4135997218E763F00768430 /* TheBestClockAppDelegate.swift */ = {isa = PBXFileReference; lastKnownFileType = sourcecode.swift; path = TheBestClockAppDelegate.swift; sourceTree = "<group>"; };
		D4135999218E763F00768430 /* MainScreenViewController.swift */ = {isa = PBXFileReference; lastKnownFileType = sourcecode.swift; path = MainScreenViewController.swift; sourceTree = "<group>"; };
		D413599E218E764100768430 /* Assets.xcassets */ = {isa = PBXFileReference; lastKnownFileType = folder.assetcatalog; path = Assets.xcassets; sourceTree = "<group>"; };
		D41359A3218E764100768430 /* Info.plist */ = {isa = PBXFileReference; lastKnownFileType = text.plist.xml; path = Info.plist; sourceTree = "<group>"; };
		D41DB3CF21C00A4A00481A16 /* RVS_Utils.swift */ = {isa = PBXFileReference; lastKnownFileType = sourcecode.swift; path = RVS_Utils.swift; sourceTree = "<group>"; };
		D422FE3D21922C5E0022423B /* TheBestClockAlarmView.swift */ = {isa = PBXFileReference; fileEncoding = 4; lastKnownFileType = sourcecode.swift; path = TheBestClockAlarmView.swift; sourceTree = "<group>"; };
		D443F5E7219ADDFB002A212A /* AlarmEditorExtension.swift */ = {isa = PBXFileReference; lastKnownFileType = sourcecode.swift; path = AlarmEditorExtension.swift; sourceTree = "<group>"; };
		D44DA633219FC1F800DA20D3 /* TheBestClockSpeakerButton.swift */ = {isa = PBXFileReference; lastKnownFileType = sourcecode.swift; path = TheBestClockSpeakerButton.swift; sourceTree = "<group>"; };
		D458720421A0B0EA00919A23 /* Settings.bundle */ = {isa = PBXFileReference; lastKnownFileType = "wrapper.plug-in"; path = Settings.bundle; sourceTree = "<group>"; };
		D46F845F2190CA1F0026C9AD /* TheBestClockMainDisplayView.swift */ = {isa = PBXFileReference; lastKnownFileType = sourcecode.swift; path = TheBestClockMainDisplayView.swift; sourceTree = "<group>"; };
		D46F84612190D3B90026C9AD /* TheBestClockVerticalBrightnessSliderView.swift */ = {isa = PBXFileReference; fileEncoding = 4; lastKnownFileType = sourcecode.swift; path = TheBestClockVerticalBrightnessSliderView.swift; sourceTree = "<group>"; };
		D487C1052191CE2E00FBDC77 /* TheBestClockPrefs.swift */ = {isa = PBXFileReference; fileEncoding = 4; lastKnownFileType = sourcecode.swift; path = TheBestClockPrefs.swift; sourceTree = "<group>"; };
		D48A40D02198B5BA00ED8E73 /* MediaToolbox.framework */ = {isa = PBXFileReference; lastKnownFileType = wrapper.framework; name = MediaToolbox.framework; path = System/Library/Frameworks/MediaToolbox.framework; sourceTree = SDKROOT; };
		D48A40D12198B5BA00ED8E73 /* AudioToolbox.framework */ = {isa = PBXFileReference; lastKnownFileType = wrapper.framework; name = AudioToolbox.framework; path = System/Library/Frameworks/AudioToolbox.framework; sourceTree = SDKROOT; };
		D48A40D22198B5BA00ED8E73 /* MediaPlayer.framework */ = {isa = PBXFileReference; lastKnownFileType = wrapper.framework; name = MediaPlayer.framework; path = System/Library/Frameworks/MediaPlayer.framework; sourceTree = SDKROOT; };
		D49C31F92195058700598F7E /* TheGreatRiftValleyDrawing.swift */ = {isa = PBXFileReference; lastKnownFileType = sourcecode.swift; path = TheGreatRiftValleyDrawing.swift; sourceTree = "<group>"; };
		D4B704062190B9940094E320 /* RevealServer.framework */ = {isa = PBXFileReference; lastKnownFileType = wrapper.framework; name = RevealServer.framework; path = "Pods/Reveal-SDK/RevealServer-19/iOS/RevealServer.framework"; sourceTree = "<group>"; };
		D4D4AD452194F4FA008D3FCC /* TheBestClockAboutScreenViewController.swift */ = {isa = PBXFileReference; lastKnownFileType = sourcecode.swift; path = TheBestClockAboutScreenViewController.swift; sourceTree = "<group>"; };
		D4D56C2121B42C2D003025FF /* es */ = {isa = PBXFileReference; lastKnownFileType = text.plist.strings; name = es; path = es.lproj/Localizable.strings; sourceTree = "<group>"; };
		D4D56C2221B42C37003025FF /* fr */ = {isa = PBXFileReference; lastKnownFileType = text.plist.strings; name = fr; path = fr.lproj/Localizable.strings; sourceTree = "<group>"; };
		D4D56C2321B42DC4003025FF /* en */ = {isa = PBXFileReference; lastKnownFileType = text.plist.strings; name = en; path = en.lproj/Localizable.strings; sourceTree = "<group>"; };
		D4D56C4C21B433B3003025FF /* Base */ = {isa = PBXFileReference; lastKnownFileType = file.storyboard; name = Base; path = Base.lproj/Main.storyboard; sourceTree = "<group>"; };
		D4D56C4D21B433B3003025FF /* Base */ = {isa = PBXFileReference; lastKnownFileType = file.storyboard; name = Base; path = Base.lproj/LaunchScreen.storyboard; sourceTree = "<group>"; };
		D4D56C5B21B43424003025FF /* Base */ = {isa = PBXFileReference; lastKnownFileType = audio.mp3; name = Base; path = Base.lproj/escalation.mp3; sourceTree = "<group>"; };
		D4D56C5E21B43429003025FF /* Base */ = {isa = PBXFileReference; lastKnownFileType = audio.mp3; name = Base; path = "Base.lproj/fast-beep.mp3"; sourceTree = "<group>"; };
		D4D56C6121B4342C003025FF /* Base */ = {isa = PBXFileReference; lastKnownFileType = audio.mp3; name = Base; path = "Base.lproj/annoying-alarm.mp3"; sourceTree = "<group>"; };
		D4D56C6721B43441003025FF /* Base */ = {isa = PBXFileReference; lastKnownFileType = audio.mp3; name = Base; path = "Base.lproj/crazy-bird.mp3"; sourceTree = "<group>"; };
		D4D56C6A21B43446003025FF /* Base */ = {isa = PBXFileReference; lastKnownFileType = audio.mp3; name = Base; path = "Base.lproj/high-fast-beeps.mp3"; sourceTree = "<group>"; };
		D4D56C6D21B4344C003025FF /* Base */ = {isa = PBXFileReference; lastKnownFileType = audio.mp3; name = Base; path = "Base.lproj/electronic-buzz.mp3"; sourceTree = "<group>"; };
		D4D56C7021B43450003025FF /* Base */ = {isa = PBXFileReference; lastKnownFileType = audio.mp3; name = Base; path = "Base.lproj/single-beep.mp3"; sourceTree = "<group>"; };
		D4D56C7321B43454003025FF /* Base */ = {isa = PBXFileReference; lastKnownFileType = audio.mp3; name = Base; path = "Base.lproj/videogame-beeps-high-frequency.mp3"; sourceTree = "<group>"; };
		D4D56C7621B43459003025FF /* Base */ = {isa = PBXFileReference; lastKnownFileType = audio.mp3; name = Base; path = "Base.lproj/videogame-beeps-lower-frequency.mp3"; sourceTree = "<group>"; };
		D4D8E04D219AEF7C0007BBAA /* MainFunctionsExtension.swift */ = {isa = PBXFileReference; lastKnownFileType = sourcecode.swift; path = MainFunctionsExtension.swift; sourceTree = "<group>"; };
		D4FCC22D21B439C600D92BD4 /* AnglicanText.ttf */ = {isa = PBXFileReference; lastKnownFileType = file; path = AnglicanText.ttf; sourceTree = "<group>"; };
		D4FCC22E21B439C600D92BD4 /* let's go digital regular.ttf */ = {isa = PBXFileReference; lastKnownFileType = file; path = "let's go digital regular.ttf"; sourceTree = "<group>"; };
		D4FCC22F21B439C600D92BD4 /* Canterbury.ttf */ = {isa = PBXFileReference; lastKnownFileType = file; path = Canterbury.ttf; sourceTree = "<group>"; };
		D4FCC23021B439C600D92BD4 /* CelticHand.ttf */ = {isa = PBXFileReference; lastKnownFileType = file; path = CelticHand.ttf; sourceTree = "<group>"; };
/* End PBXFileReference section */

/* Begin PBXGroup section */
		A7DE492AABB4E6094A94D6D2 /* Pods */ = {
			isa = PBXGroup;
			children = (
				82D270D278F3C1E6B66A85EC /* Pods-TheBestClock.debug.xcconfig */,
				C55EF5B8125BCF2F431A69AF /* Pods-TheBestClock.release.xcconfig */,
			);
			path = Pods;
			sourceTree = "<group>";
		};
		D413598B218E763F00768430 = {
			isa = PBXGroup;
			children = (
				D4135996218E763F00768430 /* AlarmClock */,
				D4135995218E763F00768430 /* Products */,
				A7DE492AABB4E6094A94D6D2 /* Pods */,
				EF02A0F6866AEB1885ED33AE /* Frameworks */,
			);
			sourceTree = "<group>";
		};
		D4135995218E763F00768430 /* Products */ = {
			isa = PBXGroup;
			children = (
				D4135994218E763F00768430 /* Rift Valley Alarm Clock.app */,
			);
			name = Products;
			sourceTree = "<group>";
		};
		D4135996218E763F00768430 /* AlarmClock */ = {
			isa = PBXGroup;
			children = (
				D41359C7218E76A500768430 /* Main */,
				D41359C8218E76B600768430 /* Views And Controllers */,
				D41DB3D121C00ADD00481A16 /* Custom Controls */,
				D41359C5218E768600768430 /* Bundle Resources */,
				D41359C6218E769400768430 /* Meta */,
			);
			path = AlarmClock;
			sourceTree = "<group>";
		};
		D41359C5218E768600768430 /* Bundle Resources */ = {
			isa = PBXGroup;
			children = (
				D413599B218E763F00768430 /* Main.storyboard */,
				D46682A621911F5E00471BC0 /* Localizable.strings */,
				D4FDA6F1218FA519009F08C2 /* Fonts */,
				D4D56C2621B43016003025FF /* Sounds */,
				D413599E218E764100768430 /* Assets.xcassets */,
				D41359A0218E764100768430 /* LaunchScreen.storyboard */,
				D458720421A0B0EA00919A23 /* Settings.bundle */,
			);
			path = "Bundle Resources";
			sourceTree = "<group>";
		};
		D41359C6218E769400768430 /* Meta */ = {
			isa = PBXGroup;
			children = (
				D41359A3218E764100768430 /* Info.plist */,
			);
			path = Meta;
			sourceTree = "<group>";
		};
		D41359C7218E76A500768430 /* Main */ = {
			isa = PBXGroup;
			children = (
				D4135997218E763F00768430 /* TheBestClockAppDelegate.swift */,
				D487C1052191CE2E00FBDC77 /* TheBestClockPrefs.swift */,
				D41DB3CF21C00A4A00481A16 /* RVS_Utils.swift */,
			);
			path = Main;
			sourceTree = "<group>";
		};
		D41359C8218E76B600768430 /* Views And Controllers */ = {
			isa = PBXGroup;
			children = (
				D4135999218E763F00768430 /* MainScreenViewController.swift */,
				D4D8E04D219AEF7C0007BBAA /* MainFunctionsExtension.swift */,
				D443F5E7219ADDFB002A212A /* AlarmEditorExtension.swift */,
				D46F845F2190CA1F0026C9AD /* TheBestClockMainDisplayView.swift */,
				D422FE3D21922C5E0022423B /* TheBestClockAlarmView.swift */,
				D4D4AD452194F4FA008D3FCC /* TheBestClockAboutScreenViewController.swift */,
			);
			path = "Views And Controllers";
			sourceTree = "<group>";
		};
		D41DB3D121C00ADD00481A16 /* Custom Controls */ = {
			isa = PBXGroup;
			children = (
				D46F84612190D3B90026C9AD /* TheBestClockVerticalBrightnessSliderView.swift */,
				D49C31F92195058700598F7E /* TheGreatRiftValleyDrawing.swift */,
				D44DA633219FC1F800DA20D3 /* TheBestClockSpeakerButton.swift */,
			);
			path = "Custom Controls";
			sourceTree = "<group>";
		};
		D4D56C2621B43016003025FF /* Sounds */ = {
			isa = PBXGroup;
			children = (
				D4D56C7721B43459003025FF /* videogame-beeps-lower-frequency.mp3 */,
				D4D56C7421B43454003025FF /* videogame-beeps-high-frequency.mp3 */,
				D4D56C7121B43450003025FF /* single-beep.mp3 */,
				D4D56C6E21B4344C003025FF /* electronic-buzz.mp3 */,
				D4D56C6B21B43446003025FF /* high-fast-beeps.mp3 */,
				D4D56C6821B43441003025FF /* crazy-bird.mp3 */,
				D4D56C6221B4342C003025FF /* annoying-alarm.mp3 */,
				D4D56C5F21B43429003025FF /* fast-beep.mp3 */,
				D4D56C5C21B43424003025FF /* escalation.mp3 */,
			);
			path = Sounds;
			sourceTree = "<group>";
		};
		D4FDA6F1218FA519009F08C2 /* Fonts */ = {
			isa = PBXGroup;
			children = (
				D4FCC22D21B439C600D92BD4 /* AnglicanText.ttf */,
				D4FCC22F21B439C600D92BD4 /* Canterbury.ttf */,
				D4FCC23021B439C600D92BD4 /* CelticHand.ttf */,
				D4FCC22E21B439C600D92BD4 /* let's go digital regular.ttf */,
			);
			path = Fonts;
			sourceTree = "<group>";
		};
		EF02A0F6866AEB1885ED33AE /* Frameworks */ = {
			isa = PBXGroup;
			children = (
				D48A40D12198B5BA00ED8E73 /* AudioToolbox.framework */,
				D48A40D22198B5BA00ED8E73 /* MediaPlayer.framework */,
				D48A40D02198B5BA00ED8E73 /* MediaToolbox.framework */,
				D4B704062190B9940094E320 /* RevealServer.framework */,
				67ADC8B37E0BB5AC5821F6D6 /* Pods_TheBestClock.framework */,
			);
			name = Frameworks;
			sourceTree = "<group>";
		};
/* End PBXGroup section */

/* Begin PBXNativeTarget section */
		D4135993218E763F00768430 /* Rift Valley Alarm Clock */ = {
			isa = PBXNativeTarget;
			buildConfigurationList = D41359BC218E764100768430 /* Build configuration list for PBXNativeTarget "Rift Valley Alarm Clock" */;
			buildPhases = (
				D46F045F2190B4370045FBB2 /* SwiftLINT */,
				D4135990218E763F00768430 /* Sources */,
				D4D56C2021B4288E003025FF /* Copy Localizable Files to Settings Bundle */,
				D4D56C1F21B42877003025FF /* Copy Fonts */,
				D4D56C3B21B43034003025FF /* Copy Sounds */,
				D4135992218E763F00768430 /* Resources */,
			);
			buildRules = (
			);
			dependencies = (
			);
			name = "Rift Valley Alarm Clock";
			productName = TheBestClock;
			productReference = D4135994218E763F00768430 /* Rift Valley Alarm Clock.app */;
			productType = "com.apple.product-type.application";
		};
/* End PBXNativeTarget section */

/* Begin PBXProject section */
		D413598C218E763F00768430 /* Project object */ = {
			isa = PBXProject;
			attributes = {
				LastSwiftUpdateCheck = 1000;
				LastUpgradeCheck = 1000;
				ORGANIZATIONNAME = "The Great Rift Valley Software Company";
				TargetAttributes = {
					D4135993218E763F00768430 = {
						CreatedOnToolsVersion = 10.0;
					};
				};
			};
			buildConfigurationList = D413598F218E763F00768430 /* Build configuration list for PBXProject "AlarmClock" */;
			compatibilityVersion = "Xcode 10.0";
			developmentRegion = en;
			hasScannedForEncodings = 0;
			knownRegions = (
				en,
				es,
				fr,
				Base,
			);
			mainGroup = D413598B218E763F00768430;
			productRefGroup = D4135995218E763F00768430 /* Products */;
			projectDirPath = "";
			projectRoot = "";
			targets = (
				D4135993218E763F00768430 /* Rift Valley Alarm Clock */,
			);
		};
/* End PBXProject section */

/* Begin PBXResourcesBuildPhase section */
		D4135992218E763F00768430 /* Resources */ = {
			isa = PBXResourcesBuildPhase;
			buildActionMask = 2147483647;
			files = (
				D4FCC23221B439C600D92BD4 /* let's go digital regular.ttf in Resources */,
				D4FCC23321B439C600D92BD4 /* Canterbury.ttf in Resources */,
				D4D56C7821B43611003025FF /* Localizable.strings in Resources */,
				D413599F218E764100768430 /* Assets.xcassets in Resources */,
				D4FCC23421B439C600D92BD4 /* CelticHand.ttf in Resources */,
				D413599D218E763F00768430 /* Main.storyboard in Resources */,
				D41359A2218E764100768430 /* LaunchScreen.storyboard in Resources */,
				D4FCC23121B439C600D92BD4 /* AnglicanText.ttf in Resources */,
				D458720521A0B0EA00919A23 /* Settings.bundle in Resources */,
			);
			runOnlyForDeploymentPostprocessing = 0;
		};
/* End PBXResourcesBuildPhase section */

/* Begin PBXShellScriptBuildPhase section */
		D46F045F2190B4370045FBB2 /* SwiftLINT */ = {
			isa = PBXShellScriptBuildPhase;
			buildActionMask = 2147483647;
			files = (
			);
			inputFileListPaths = (
			);
			inputPaths = (
			);
			name = SwiftLINT;
			outputFileListPaths = (
			);
			outputPaths = (
			);
			runOnlyForDeploymentPostprocessing = 0;
			shellPath = /bin/sh;
			shellScript = "\"${PROJECT_DIR}/Pods/SwiftLint/swiftlint\"\n";
		};
		D4D56C2021B4288E003025FF /* Copy Localizable Files to Settings Bundle */ = {
			isa = PBXShellScriptBuildPhase;
			buildActionMask = 2147483647;
			files = (
			);
			inputFileListPaths = (
			);
			inputPaths = (
			);
			name = "Copy Localizable Files to Settings Bundle";
			outputFileListPaths = (
			);
			outputPaths = (
			);
			runOnlyForDeploymentPostprocessing = 0;
			shellPath = /bin/sh;
			shellScript = "cp -Rf ${PROJECT_DIR}/TheBestClock/Bundle\\ Resources/*.lproj ${PROJECT_DIR}/TheBestClock/Bundle\\ Resources/Settings.bundle/\nrm -drf ${PROJECT_DIR}/TheBestClock/Bundle\\ Resources/Settings.bundle/Base.lproj/\n";
		};
/* End PBXShellScriptBuildPhase section */

/* Begin PBXSourcesBuildPhase section */
		D4135990218E763F00768430 /* Sources */ = {
			isa = PBXSourcesBuildPhase;
			buildActionMask = 2147483647;
			files = (
				D4D8E04E219AEF7C0007BBAA /* MainFunctionsExtension.swift in Sources */,
				D41DB3D021C00A4A00481A16 /* RVS_Utils.swift in Sources */,
				D413599A218E763F00768430 /* MainScreenViewController.swift in Sources */,
				D487C1062191CE2F00FBDC77 /* TheBestClockPrefs.swift in Sources */,
				D46F84622190D3B90026C9AD /* TheBestClockVerticalBrightnessSliderView.swift in Sources */,
				D44DA634219FC1F800DA20D3 /* TheBestClockSpeakerButton.swift in Sources */,
				D422FE3E21922C5E0022423B /* TheBestClockAlarmView.swift in Sources */,
				D49C31FA2195058700598F7E /* TheGreatRiftValleyDrawing.swift in Sources */,
				D443F5E8219ADDFB002A212A /* AlarmEditorExtension.swift in Sources */,
				D46F84602190CA1F0026C9AD /* TheBestClockMainDisplayView.swift in Sources */,
				D4135998218E763F00768430 /* TheBestClockAppDelegate.swift in Sources */,
				D4D4AD462194F4FA008D3FCC /* TheBestClockAboutScreenViewController.swift in Sources */,
			);
			runOnlyForDeploymentPostprocessing = 0;
		};
/* End PBXSourcesBuildPhase section */

/* Begin PBXVariantGroup section */
		D413599B218E763F00768430 /* Main.storyboard */ = {
			isa = PBXVariantGroup;
			children = (
				D4D56C4C21B433B3003025FF /* Base */,
			);
			name = Main.storyboard;
			sourceTree = "<group>";
		};
		D41359A0218E764100768430 /* LaunchScreen.storyboard */ = {
			isa = PBXVariantGroup;
			children = (
				D4D56C4D21B433B3003025FF /* Base */,
			);
			name = LaunchScreen.storyboard;
			sourceTree = "<group>";
		};
		D46682A621911F5E00471BC0 /* Localizable.strings */ = {
			isa = PBXVariantGroup;
			children = (
				D4D56C2121B42C2D003025FF /* es */,
				D4D56C2221B42C37003025FF /* fr */,
				D4D56C2321B42DC4003025FF /* en */,
			);
			name = Localizable.strings;
			sourceTree = "<group>";
		};
		D4D56C5C21B43424003025FF /* escalation.mp3 */ = {
			isa = PBXVariantGroup;
			children = (
				D4D56C5B21B43424003025FF /* Base */,
			);
			name = escalation.mp3;
			sourceTree = "<group>";
		};
		D4D56C5F21B43429003025FF /* fast-beep.mp3 */ = {
			isa = PBXVariantGroup;
			children = (
				D4D56C5E21B43429003025FF /* Base */,
			);
			name = "fast-beep.mp3";
			sourceTree = "<group>";
		};
		D4D56C6221B4342C003025FF /* annoying-alarm.mp3 */ = {
			isa = PBXVariantGroup;
			children = (
				D4D56C6121B4342C003025FF /* Base */,
			);
			name = "annoying-alarm.mp3";
			sourceTree = "<group>";
		};
		D4D56C6821B43441003025FF /* crazy-bird.mp3 */ = {
			isa = PBXVariantGroup;
			children = (
				D4D56C6721B43441003025FF /* Base */,
			);
			name = "crazy-bird.mp3";
			sourceTree = "<group>";
		};
		D4D56C6B21B43446003025FF /* high-fast-beeps.mp3 */ = {
			isa = PBXVariantGroup;
			children = (
				D4D56C6A21B43446003025FF /* Base */,
			);
			name = "high-fast-beeps.mp3";
			sourceTree = "<group>";
		};
		D4D56C6E21B4344C003025FF /* electronic-buzz.mp3 */ = {
			isa = PBXVariantGroup;
			children = (
				D4D56C6D21B4344C003025FF /* Base */,
			);
			name = "electronic-buzz.mp3";
			sourceTree = "<group>";
		};
		D4D56C7121B43450003025FF /* single-beep.mp3 */ = {
			isa = PBXVariantGroup;
			children = (
				D4D56C7021B43450003025FF /* Base */,
			);
			name = "single-beep.mp3";
			sourceTree = "<group>";
		};
		D4D56C7421B43454003025FF /* videogame-beeps-high-frequency.mp3 */ = {
			isa = PBXVariantGroup;
			children = (
				D4D56C7321B43454003025FF /* Base */,
			);
			name = "videogame-beeps-high-frequency.mp3";
			sourceTree = "<group>";
		};
		D4D56C7721B43459003025FF /* videogame-beeps-lower-frequency.mp3 */ = {
			isa = PBXVariantGroup;
			children = (
				D4D56C7621B43459003025FF /* Base */,
			);
			name = "videogame-beeps-lower-frequency.mp3";
			sourceTree = "<group>";
		};
/* End PBXVariantGroup section */

/* Begin XCBuildConfiguration section */
		D41359BA218E764100768430 /* Debug */ = {
			isa = XCBuildConfiguration;
			buildSettings = {
				ALWAYS_SEARCH_USER_PATHS = NO;
				CLANG_ANALYZER_LOCALIZABILITY_NONLOCALIZED = YES;
				CLANG_ANALYZER_NONNULL = YES;
				CLANG_ANALYZER_NUMBER_OBJECT_CONVERSION = YES_AGGRESSIVE;
				CLANG_CXX_LANGUAGE_STANDARD = "gnu++14";
				CLANG_CXX_LIBRARY = "libc++";
				CLANG_ENABLE_MODULES = YES;
				CLANG_ENABLE_OBJC_ARC = YES;
				CLANG_ENABLE_OBJC_WEAK = YES;
				CLANG_WARN_BLOCK_CAPTURE_AUTORELEASING = YES;
				CLANG_WARN_BOOL_CONVERSION = YES;
				CLANG_WARN_COMMA = YES;
				CLANG_WARN_CONSTANT_CONVERSION = YES;
				CLANG_WARN_DEPRECATED_OBJC_IMPLEMENTATIONS = YES;
				CLANG_WARN_DIRECT_OBJC_ISA_USAGE = YES_ERROR;
				CLANG_WARN_DOCUMENTATION_COMMENTS = YES;
				CLANG_WARN_EMPTY_BODY = YES;
				CLANG_WARN_ENUM_CONVERSION = YES;
				CLANG_WARN_INFINITE_RECURSION = YES;
				CLANG_WARN_INT_CONVERSION = YES;
				CLANG_WARN_NON_LITERAL_NULL_CONVERSION = YES;
				CLANG_WARN_OBJC_IMPLICIT_RETAIN_SELF = YES;
				CLANG_WARN_OBJC_LITERAL_CONVERSION = YES;
				CLANG_WARN_OBJC_ROOT_CLASS = YES_ERROR;
				CLANG_WARN_RANGE_LOOP_ANALYSIS = YES;
				CLANG_WARN_STRICT_PROTOTYPES = YES;
				CLANG_WARN_SUSPICIOUS_MOVE = YES;
				CLANG_WARN_UNGUARDED_AVAILABILITY = YES_AGGRESSIVE;
				CLANG_WARN_UNREACHABLE_CODE = YES;
				CLANG_WARN__DUPLICATE_METHOD_MATCH = YES;
				CODE_SIGN_IDENTITY = "iPhone Developer";
				COPY_PHASE_STRIP = NO;
				DEBUG_INFORMATION_FORMAT = dwarf;
				ENABLE_STRICT_OBJC_MSGSEND = YES;
				ENABLE_TESTABILITY = YES;
				GCC_C_LANGUAGE_STANDARD = gnu11;
				GCC_DYNAMIC_NO_PIC = NO;
				GCC_NO_COMMON_BLOCKS = YES;
				GCC_OPTIMIZATION_LEVEL = 0;
				GCC_PREPROCESSOR_DEFINITIONS = (
					"DEBUG=1",
					"$(inherited)",
				);
				GCC_WARN_64_TO_32_BIT_CONVERSION = YES;
				GCC_WARN_ABOUT_RETURN_TYPE = YES_ERROR;
				GCC_WARN_UNDECLARED_SELECTOR = YES;
				GCC_WARN_UNINITIALIZED_AUTOS = YES_AGGRESSIVE;
				GCC_WARN_UNUSED_FUNCTION = YES;
				GCC_WARN_UNUSED_VARIABLE = YES;
				IPHONEOS_DEPLOYMENT_TARGET = 11.0;
				MTL_ENABLE_DEBUG_INFO = INCLUDE_SOURCE;
				MTL_FAST_MATH = YES;
				ONLY_ACTIVE_ARCH = YES;
				SDKROOT = iphoneos;
				SWIFT_ACTIVE_COMPILATION_CONDITIONS = DEBUG;
				SWIFT_OPTIMIZATION_LEVEL = "-Onone";
			};
			name = Debug;
		};
		D41359BB218E764100768430 /* Release */ = {
			isa = XCBuildConfiguration;
			buildSettings = {
				ALWAYS_SEARCH_USER_PATHS = NO;
				CLANG_ANALYZER_LOCALIZABILITY_NONLOCALIZED = YES;
				CLANG_ANALYZER_NONNULL = YES;
				CLANG_ANALYZER_NUMBER_OBJECT_CONVERSION = YES_AGGRESSIVE;
				CLANG_CXX_LANGUAGE_STANDARD = "gnu++14";
				CLANG_CXX_LIBRARY = "libc++";
				CLANG_ENABLE_MODULES = YES;
				CLANG_ENABLE_OBJC_ARC = YES;
				CLANG_ENABLE_OBJC_WEAK = YES;
				CLANG_WARN_BLOCK_CAPTURE_AUTORELEASING = YES;
				CLANG_WARN_BOOL_CONVERSION = YES;
				CLANG_WARN_COMMA = YES;
				CLANG_WARN_CONSTANT_CONVERSION = YES;
				CLANG_WARN_DEPRECATED_OBJC_IMPLEMENTATIONS = YES;
				CLANG_WARN_DIRECT_OBJC_ISA_USAGE = YES_ERROR;
				CLANG_WARN_DOCUMENTATION_COMMENTS = YES;
				CLANG_WARN_EMPTY_BODY = YES;
				CLANG_WARN_ENUM_CONVERSION = YES;
				CLANG_WARN_INFINITE_RECURSION = YES;
				CLANG_WARN_INT_CONVERSION = YES;
				CLANG_WARN_NON_LITERAL_NULL_CONVERSION = YES;
				CLANG_WARN_OBJC_IMPLICIT_RETAIN_SELF = YES;
				CLANG_WARN_OBJC_LITERAL_CONVERSION = YES;
				CLANG_WARN_OBJC_ROOT_CLASS = YES_ERROR;
				CLANG_WARN_RANGE_LOOP_ANALYSIS = YES;
				CLANG_WARN_STRICT_PROTOTYPES = YES;
				CLANG_WARN_SUSPICIOUS_MOVE = YES;
				CLANG_WARN_UNGUARDED_AVAILABILITY = YES_AGGRESSIVE;
				CLANG_WARN_UNREACHABLE_CODE = YES;
				CLANG_WARN__DUPLICATE_METHOD_MATCH = YES;
				CODE_SIGN_IDENTITY = "iPhone Developer";
				COPY_PHASE_STRIP = NO;
				DEBUG_INFORMATION_FORMAT = "dwarf-with-dsym";
				ENABLE_NS_ASSERTIONS = NO;
				ENABLE_STRICT_OBJC_MSGSEND = YES;
				GCC_C_LANGUAGE_STANDARD = gnu11;
				GCC_NO_COMMON_BLOCKS = YES;
				GCC_WARN_64_TO_32_BIT_CONVERSION = YES;
				GCC_WARN_ABOUT_RETURN_TYPE = YES_ERROR;
				GCC_WARN_UNDECLARED_SELECTOR = YES;
				GCC_WARN_UNINITIALIZED_AUTOS = YES_AGGRESSIVE;
				GCC_WARN_UNUSED_FUNCTION = YES;
				GCC_WARN_UNUSED_VARIABLE = YES;
				IPHONEOS_DEPLOYMENT_TARGET = 11.0;
				MTL_ENABLE_DEBUG_INFO = NO;
				MTL_FAST_MATH = YES;
				SDKROOT = iphoneos;
				SWIFT_COMPILATION_MODE = wholemodule;
				SWIFT_OPTIMIZATION_LEVEL = "-O";
				VALIDATE_PRODUCT = YES;
			};
			name = Release;
		};
		D41359BD218E764100768430 /* Debug */ = {
			isa = XCBuildConfiguration;
			baseConfigurationReference = 82D270D278F3C1E6B66A85EC /* Pods-TheBestClock.debug.xcconfig */;
			buildSettings = {
				ASSETCATALOG_COMPILER_APPICON_NAME = AppIcon;
				CODE_SIGN_STYLE = Automatic;
				DEVELOPMENT_TEAM = P53V4JS928;
				FRAMEWORK_SEARCH_PATHS = "$(inherited)";
				GCC_TREAT_WARNINGS_AS_ERRORS = YES;
				INFOPLIST_FILE = "$(SRCROOT)/AlarmClock/Meta/Info.plist";
				IPHONEOS_DEPLOYMENT_TARGET = 11.0;
				LD_RUNPATH_SEARCH_PATHS = (
					"$(inherited)",
					"@executable_path/Frameworks",
				);
				PRODUCT_BUNDLE_IDENTIFIER = com.riftvalleysoftware.alarmclock;
				PRODUCT_NAME = "$(TARGET_NAME)";
				SWIFT_TREAT_WARNINGS_AS_ERRORS = YES;
				SWIFT_VERSION = 4.2;
				TARGETED_DEVICE_FAMILY = "1,2";
			};
			name = Debug;
		};
		D41359BE218E764100768430 /* Release */ = {
			isa = XCBuildConfiguration;
			baseConfigurationReference = C55EF5B8125BCF2F431A69AF /* Pods-TheBestClock.release.xcconfig */;
			buildSettings = {
				ASSETCATALOG_COMPILER_APPICON_NAME = AppIcon;
				CODE_SIGN_STYLE = Automatic;
				DEVELOPMENT_TEAM = P53V4JS928;
				FRAMEWORK_SEARCH_PATHS = "$(inherited)";
				GCC_TREAT_WARNINGS_AS_ERRORS = YES;
				INFOPLIST_FILE = "$(SRCROOT)/AlarmClock/Meta/Info.plist";
				IPHONEOS_DEPLOYMENT_TARGET = 11.0;
				LD_RUNPATH_SEARCH_PATHS = (
					"$(inherited)",
					"@executable_path/Frameworks",
				);
				PRODUCT_BUNDLE_IDENTIFIER = com.riftvalleysoftware.alarmclock;
				PRODUCT_NAME = "$(TARGET_NAME)";
				SWIFT_TREAT_WARNINGS_AS_ERRORS = YES;
				SWIFT_VERSION = 4.2;
				TARGETED_DEVICE_FAMILY = "1,2";
			};
			name = Release;
		};
/* End XCBuildConfiguration section */

/* Begin XCConfigurationList section */
		D413598F218E763F00768430 /* Build configuration list for PBXProject "AlarmClock" */ = {
			isa = XCConfigurationList;
			buildConfigurations = (
				D41359BA218E764100768430 /* Debug */,
				D41359BB218E764100768430 /* Release */,
			);
			defaultConfigurationIsVisible = 0;
			defaultConfigurationName = Release;
		};
		D41359BC218E764100768430 /* Build configuration list for PBXNativeTarget "Rift Valley Alarm Clock" */ = {
			isa = XCConfigurationList;
			buildConfigurations = (
				D41359BD218E764100768430 /* Debug */,
				D41359BE218E764100768430 /* Release */,
			);
			defaultConfigurationIsVisible = 0;
			defaultConfigurationName = Release;
		};
/* End XCConfigurationList section */
	};
	rootObject = D413598C218E763F00768430 /* Project object */;
}
